
Microsoft Visual Studio Solution File, Format Version 12.00
# Visual Studio Version 17
VisualStudioVersion = 17.7.34031.279
MinimumVisualStudioVersion = 10.0.40219.1
Project("{FAE04EC0-301F-11D3-BF4B-00C04F79EFBC}") = "Properties", "Properties\Properties.csproj", "{12CCBBAB-BBC5-4E16-BA3B-8B463C2166B9}"
EndProject
Global
	GlobalSection(SolutionConfigurationPlatforms) = preSolution
		Debug|Any CPU = Debug|Any CPU
		Release|Any CPU = Release|Any CPU
	EndGlobalSection
	GlobalSection(ProjectConfigurationPlatforms) = postSolution
		{12CCBBAB-BBC5-4E16-BA3B-8B463C2166B9}.Debug|Any CPU.ActiveCfg = Debug|Any CPU
		{12CCBBAB-BBC5-4E16-BA3B-8B463C2166B9}.Debug|Any CPU.Build.0 = Debug|Any CPU
		{12CCBBAB-BBC5-4E16-BA3B-8B463C2166B9}.Release|Any CPU.ActiveCfg = Release|Any CPU
		{12CCBBAB-BBC5-4E16-BA3B-8B463C2166B9}.Release|Any CPU.Build.0 = Release|Any CPU
	EndGlobalSection
	GlobalSection(SolutionProperties) = preSolution
		HideSolutionNode = FALSE
	EndGlobalSection
	GlobalSection(ExtensibilityGlobals) = postSolution
		SolutionGuid = {324212EA-1C26-40F6-83D2-A42A92D02561}
	EndGlobalSection
EndGlobal
